
Microsoft Visual Studio Solution File, Format Version 12.00
# Visual Studio Version 17
VisualStudioVersion = 17.5.002.0
MinimumVisualStudioVersion = 10.0.40219.1
Project("{9A19103F-16F7-4668-BE54-9A1E7A4F7556}") = "DesafioFundamentos", "DesafioFundamentos.csproj", "{2E4428D3-77E9-406F-AE5C-5B406B1106BC}"
EndProject
Global
	GlobalSection(SolutionConfigurationPlatforms) = preSolution
		Debug|Any CPU = Debug|Any CPU
		Release|Any CPU = Release|Any CPU
	EndGlobalSection
	GlobalSection(ProjectConfigurationPlatforms) = postSolution
		{2E4428D3-77E9-406F-AE5C-5B406B1106BC}.Debug|Any CPU.ActiveCfg = Debug|Any CPU
		{2E4428D3-77E9-406F-AE5C-5B406B1106BC}.Debug|Any CPU.Build.0 = Debug|Any CPU
		{2E4428D3-77E9-406F-AE5C-5B406B1106BC}.Release|Any CPU.ActiveCfg = Release|Any CPU
		{2E4428D3-77E9-406F-AE5C-5B406B1106BC}.Release|Any CPU.Build.0 = Release|Any CPU
	EndGlobalSection
	GlobalSection(SolutionProperties) = preSolution
		HideSolutionNode = FALSE
	EndGlobalSection
	GlobalSection(ExtensibilityGlobals) = postSolution
		SolutionGuid = {D9FF50B5-E56E-430E-AE2F-5695E58B9CA2}
	EndGlobalSection
EndGlobal
